// !$*UTF8*$!
{
	archiveVersion = 1;
	classes = {
	};
	objectVersion = 50;
	objects = {

/* Begin PBXBuildFile section */
		641FD8F324F44BFA0086C27E /* AppDelegate.swift in Sources */ = {isa = PBXBuildFile; fileRef = 641FD8F224F44BFA0086C27E /* AppDelegate.swift */; };
		641FD8F524F44BFA0086C27E /* ViewController.swift in Sources */ = {isa = PBXBuildFile; fileRef = 641FD8F424F44BFA0086C27E /* ViewController.swift */; };
		641FD8F724F44BFB0086C27E /* Assets.xcassets in Resources */ = {isa = PBXBuildFile; fileRef = 641FD8F624F44BFB0086C27E /* Assets.xcassets */; };
		641FD8FA24F44BFC0086C27E /* Main.storyboard in Resources */ = {isa = PBXBuildFile; fileRef = 641FD8F824F44BFC0086C27E /* Main.storyboard */; };
		641FD90824F44F6A0086C27E /* Localizable.strings in Resources */ = {isa = PBXBuildFile; fileRef = 641FD90724F44F6A0086C27E /* Localizable.strings */; };
/* End PBXBuildFile section */

/* Begin PBXFileReference section */
		641FD8EF24F44BFA0086C27E /* NextCall.app */ = {isa = PBXFileReference; explicitFileType = wrapper.application; includeInIndex = 0; path = NextCall.app; sourceTree = BUILT_PRODUCTS_DIR; };
		641FD8F224F44BFA0086C27E /* AppDelegate.swift */ = {isa = PBXFileReference; lastKnownFileType = sourcecode.swift; path = AppDelegate.swift; sourceTree = "<group>"; };
		641FD8F424F44BFA0086C27E /* ViewController.swift */ = {isa = PBXFileReference; lastKnownFileType = sourcecode.swift; path = ViewController.swift; sourceTree = "<group>"; };
		641FD8F624F44BFB0086C27E /* Assets.xcassets */ = {isa = PBXFileReference; lastKnownFileType = folder.assetcatalog; path = Assets.xcassets; sourceTree = "<group>"; };
		641FD8F924F44BFC0086C27E /* Base */ = {isa = PBXFileReference; lastKnownFileType = file.storyboard; name = Base; path = Base.lproj/Main.storyboard; sourceTree = "<group>"; };
		641FD8FB24F44BFC0086C27E /* Info.plist */ = {isa = PBXFileReference; lastKnownFileType = text.plist.xml; path = Info.plist; sourceTree = "<group>"; };
		641FD8FC24F44BFC0086C27E /* NextCall.entitlements */ = {isa = PBXFileReference; lastKnownFileType = text.plist.entitlements; path = NextCall.entitlements; sourceTree = "<group>"; };
		641FD90724F44F6A0086C27E /* Localizable.strings */ = {isa = PBXFileReference; lastKnownFileType = text.plist.strings; path = Localizable.strings; sourceTree = "<group>"; };
/* End PBXFileReference section */

/* Begin PBXFrameworksBuildPhase section */
		641FD8EC24F44BFA0086C27E /* Frameworks */ = {
			isa = PBXFrameworksBuildPhase;
			buildActionMask = 2147483647;
			files = (
			);
			runOnlyForDeploymentPostprocessing = 0;
		};
/* End PBXFrameworksBuildPhase section */

/* Begin PBXGroup section */
		641FD8E624F44BFA0086C27E = {
			isa = PBXGroup;
			children = (
				641FD8F124F44BFA0086C27E /* NextCall */,
				641FD8F024F44BFA0086C27E /* Products */,
			);
			sourceTree = "<group>";
		};
		641FD8F024F44BFA0086C27E /* Products */ = {
			isa = PBXGroup;
			children = (
				641FD8EF24F44BFA0086C27E /* NextCall.app */,
			);
			name = Products;
			sourceTree = "<group>";
		};
		641FD8F124F44BFA0086C27E /* NextCall */ = {
			isa = PBXGroup;
			children = (
				641FD8F224F44BFA0086C27E /* AppDelegate.swift */,
				641FD8F424F44BFA0086C27E /* ViewController.swift */,
				641FD8F624F44BFB0086C27E /* Assets.xcassets */,
				641FD8F824F44BFC0086C27E /* Main.storyboard */,
				641FD8FB24F44BFC0086C27E /* Info.plist */,
				641FD8FC24F44BFC0086C27E /* NextCall.entitlements */,
				641FD90724F44F6A0086C27E /* Localizable.strings */,
			);
			path = NextCall;
			sourceTree = "<group>";
		};
/* End PBXGroup section */

/* Begin PBXNativeTarget section */
		641FD8EE24F44BFA0086C27E /* NextCall */ = {
			isa = PBXNativeTarget;
			buildConfigurationList = 641FD8FF24F44BFC0086C27E /* Build configuration list for PBXNativeTarget "NextCall" */;
			buildPhases = (
				641FD8EB24F44BFA0086C27E /* Sources */,
				641FD8EC24F44BFA0086C27E /* Frameworks */,
				641FD8ED24F44BFA0086C27E /* Resources */,
			);
			buildRules = (
			);
			dependencies = (
			);
			name = NextCall;
			productName = NextCall;
			productReference = 641FD8EF24F44BFA0086C27E /* NextCall.app */;
			productType = "com.apple.product-type.application";
		};
/* End PBXNativeTarget section */

/* Begin PBXProject section */
		641FD8E724F44BFA0086C27E /* Project object */ = {
			isa = PBXProject;
			attributes = {
				LastSwiftUpdateCheck = 1160;
				LastUpgradeCheck = 1160;
				ORGANIZATIONNAME = com.spillover.nextcall;
				TargetAttributes = {
					641FD8EE24F44BFA0086C27E = {
						CreatedOnToolsVersion = 11.6;
					};
				};
			};
			buildConfigurationList = 641FD8EA24F44BFA0086C27E /* Build configuration list for PBXProject "NextCall" */;
			compatibilityVersion = "Xcode 9.3";
			developmentRegion = en;
			hasScannedForEncodings = 0;
			knownRegions = (
				en,
				Base,
			);
			mainGroup = 641FD8E624F44BFA0086C27E;
			productRefGroup = 641FD8F024F44BFA0086C27E /* Products */;
			projectDirPath = "";
			projectRoot = "";
			targets = (
				641FD8EE24F44BFA0086C27E /* NextCall */,
			);
		};
/* End PBXProject section */

/* Begin PBXResourcesBuildPhase section */
		641FD8ED24F44BFA0086C27E /* Resources */ = {
			isa = PBXResourcesBuildPhase;
			buildActionMask = 2147483647;
			files = (
				641FD8F724F44BFB0086C27E /* Assets.xcassets in Resources */,
				641FD90824F44F6A0086C27E /* Localizable.strings in Resources */,
				641FD8FA24F44BFC0086C27E /* Main.storyboard in Resources */,
			);
			runOnlyForDeploymentPostprocessing = 0;
		};
/* End PBXResourcesBuildPhase section */

/* Begin PBXSourcesBuildPhase section */
		641FD8EB24F44BFA0086C27E /* Sources */ = {
			isa = PBXSourcesBuildPhase;
			buildActionMask = 2147483647;
			files = (
				641FD8F524F44BFA0086C27E /* ViewController.swift in Sources */,
				641FD8F324F44BFA0086C27E /* AppDelegate.swift in Sources */,
			);
			runOnlyForDeploymentPostprocessing = 0;
		};
/* End PBXSourcesBuildPhase section */

/* Begin PBXVariantGroup section */
		641FD8F824F44BFC0086C27E /* Main.storyboard */ = {
			isa = PBXVariantGroup;
			children = (
				641FD8F924F44BFC0086C27E /* Base */,
			);
			name = Main.storyboard;
			sourceTree = "<group>";
		};
/* End PBXVariantGroup section */

/* Begin XCBuildConfiguration section */
		641FD8FD24F44BFC0086C27E /* Debug */ = {
			isa = XCBuildConfiguration;
			buildSettings = {
				ALWAYS_SEARCH_USER_PATHS = NO;
				CLANG_ANALYZER_NONNULL = YES;
				CLANG_ANALYZER_NUMBER_OBJECT_CONVERSION = YES_AGGRESSIVE;
				CLANG_CXX_LANGUAGE_STANDARD = "gnu++14";
				CLANG_CXX_LIBRARY = "libc++";
				CLANG_ENABLE_MODULES = YES;
				CLANG_ENABLE_OBJC_ARC = YES;
				CLANG_ENABLE_OBJC_WEAK = YES;
				CLANG_WARN_BLOCK_CAPTURE_AUTORELEASING = YES;
				CLANG_WARN_BOOL_CONVERSION = YES;
				CLANG_WARN_COMMA = YES;
				CLANG_WARN_CONSTANT_CONVERSION = YES;
				CLANG_WARN_DEPRECATED_OBJC_IMPLEMENTATIONS = YES;
				CLANG_WARN_DIRECT_OBJC_ISA_USAGE = YES_ERROR;
				CLANG_WARN_DOCUMENTATION_COMMENTS = YES;
				CLANG_WARN_EMPTY_BODY = YES;
				CLANG_WARN_ENUM_CONVERSION = YES;
				CLANG_WARN_INFINITE_RECURSION = YES;
				CLANG_WARN_INT_CONVERSION = YES;
				CLANG_WARN_NON_LITERAL_NULL_CONVERSION = YES;
				CLANG_WARN_OBJC_IMPLICIT_RETAIN_SELF = YES;
				CLANG_WARN_OBJC_LITERAL_CONVERSION = YES;
				CLANG_WARN_OBJC_ROOT_CLASS = YES_ERROR;
				CLANG_WARN_RANGE_LOOP_ANALYSIS = YES;
				CLANG_WARN_STRICT_PROTOTYPES = YES;
				CLANG_WARN_SUSPICIOUS_MOVE = YES;
				CLANG_WARN_UNGUARDED_AVAILABILITY = YES_AGGRESSIVE;
				CLANG_WARN_UNREACHABLE_CODE = YES;
				CLANG_WARN__DUPLICATE_METHOD_MATCH = YES;
				COPY_PHASE_STRIP = NO;
				DEBUG_INFORMATION_FORMAT = dwarf;
				ENABLE_STRICT_OBJC_MSGSEND = YES;
				ENABLE_TESTABILITY = YES;
				GCC_C_LANGUAGE_STANDARD = gnu11;
				GCC_DYNAMIC_NO_PIC = NO;
				GCC_NO_COMMON_BLOCKS = YES;
				GCC_OPTIMIZATION_LEVEL = 0;
				GCC_PREPROCESSOR_DEFINITIONS = (
					"DEBUG=1",
					"$(inherited)",
				);
				GCC_WARN_64_TO_32_BIT_CONVERSION = YES;
				GCC_WARN_ABOUT_RETURN_TYPE = YES_ERROR;
				GCC_WARN_UNDECLARED_SELECTOR = YES;
				GCC_WARN_UNINITIALIZED_AUTOS = YES_AGGRESSIVE;
				GCC_WARN_UNUSED_FUNCTION = YES;
				GCC_WARN_UNUSED_VARIABLE = YES;
				MACOSX_DEPLOYMENT_TARGET = 10.15;
				MTL_ENABLE_DEBUG_INFO = INCLUDE_SOURCE;
				MTL_FAST_MATH = YES;
				ONLY_ACTIVE_ARCH = YES;
				SDKROOT = macosx;
				SWIFT_ACTIVE_COMPILATION_CONDITIONS = DEBUG;
				SWIFT_OPTIMIZATION_LEVEL = "-Onone";
			};
			name = Debug;
		};
		641FD8FE24F44BFC0086C27E /* Release */ = {
			isa = XCBuildConfiguration;
			buildSettings = {
				ALWAYS_SEARCH_USER_PATHS = NO;
				CLANG_ANALYZER_NONNULL = YES;
				CLANG_ANALYZER_NUMBER_OBJECT_CONVERSION = YES_AGGRESSIVE;
				CLANG_CXX_LANGUAGE_STANDARD = "gnu++14";
				CLANG_CXX_LIBRARY = "libc++";
				CLANG_ENABLE_MODULES = YES;
				CLANG_ENABLE_OBJC_ARC = YES;
				CLANG_ENABLE_OBJC_WEAK = YES;
				CLANG_WARN_BLOCK_CAPTURE_AUTORELEASING = YES;
				CLANG_WARN_BOOL_CONVERSION = YES;
				CLANG_WARN_COMMA = YES;
				CLANG_WARN_CONSTANT_CONVERSION = YES;
				CLANG_WARN_DEPRECATED_OBJC_IMPLEMENTATIONS = YES;
				CLANG_WARN_DIRECT_OBJC_ISA_USAGE = YES_ERROR;
				CLANG_WARN_DOCUMENTATION_COMMENTS = YES;
				CLANG_WARN_EMPTY_BODY = YES;
				CLANG_WARN_ENUM_CONVERSION = YES;
				CLANG_WARN_INFINITE_RECURSION = YES;
				CLANG_WARN_INT_CONVERSION = YES;
				CLANG_WARN_NON_LITERAL_NULL_CONVERSION = YES;
				CLANG_WARN_OBJC_IMPLICIT_RETAIN_SELF = YES;
				CLANG_WARN_OBJC_LITERAL_CONVERSION = YES;
				CLANG_WARN_OBJC_ROOT_CLASS = YES_ERROR;
				CLANG_WARN_RANGE_LOOP_ANALYSIS = YES;
				CLANG_WARN_STRICT_PROTOTYPES = YES;
				CLANG_WARN_SUSPICIOUS_MOVE = YES;
				CLANG_WARN_UNGUARDED_AVAILABILITY = YES_AGGRESSIVE;
				CLANG_WARN_UNREACHABLE_CODE = YES;
				CLANG_WARN__DUPLICATE_METHOD_MATCH = YES;
				COPY_PHASE_STRIP = NO;
				DEBUG_INFORMATION_FORMAT = "dwarf-with-dsym";
				ENABLE_NS_ASSERTIONS = NO;
				ENABLE_STRICT_OBJC_MSGSEND = YES;
				GCC_C_LANGUAGE_STANDARD = gnu11;
				GCC_NO_COMMON_BLOCKS = YES;
				GCC_WARN_64_TO_32_BIT_CONVERSION = YES;
				GCC_WARN_ABOUT_RETURN_TYPE = YES_ERROR;
				GCC_WARN_UNDECLARED_SELECTOR = YES;
				GCC_WARN_UNINITIALIZED_AUTOS = YES_AGGRESSIVE;
				GCC_WARN_UNUSED_FUNCTION = YES;
				GCC_WARN_UNUSED_VARIABLE = YES;
				MACOSX_DEPLOYMENT_TARGET = 10.15;
				MTL_ENABLE_DEBUG_INFO = NO;
				MTL_FAST_MATH = YES;
				SDKROOT = macosx;
				SWIFT_COMPILATION_MODE = wholemodule;
				SWIFT_OPTIMIZATION_LEVEL = "-O";
			};
			name = Release;
		};
		641FD90024F44BFC0086C27E /* Debug */ = {
			isa = XCBuildConfiguration;
			buildSettings = {
				ASSETCATALOG_COMPILER_APPICON_NAME = AppIcon;
				CODE_SIGN_ENTITLEMENTS = NextCall/NextCall.entitlements;
				CODE_SIGN_STYLE = Automatic;
				COMBINE_HIDPI_IMAGES = YES;
				DEVELOPMENT_TEAM = E5DU3FA699;
				ENABLE_HARDENED_RUNTIME = YES;
				INFOPLIST_FILE = NextCall/Info.plist;
				LD_RUNPATH_SEARCH_PATHS = (
					"$(inherited)",
					"@executable_path/../Frameworks",
				);
				PRODUCT_BUNDLE_IDENTIFIER = com.spillover.nextcall;
				PRODUCT_NAME = "$(TARGET_NAME)";
				SWIFT_VERSION = 5.0;
			};
			name = Debug;
		};
		641FD90124F44BFC0086C27E /* Release */ = {
			isa = XCBuildConfiguration;
			buildSettings = {
				ASSETCATALOG_COMPILER_APPICON_NAME = AppIcon;
				CODE_SIGN_ENTITLEMENTS = NextCall/NextCall.entitlements;
				CODE_SIGN_STYLE = Automatic;
				COMBINE_HIDPI_IMAGES = YES;
				DEVELOPMENT_TEAM = E5DU3FA699;
				ENABLE_HARDENED_RUNTIME = YES;
				INFOPLIST_FILE = NextCall/Info.plist;
				LD_RUNPATH_SEARCH_PATHS = (
					"$(inherited)",
					"@executable_path/../Frameworks",
				);
				PRODUCT_BUNDLE_IDENTIFIER = com.spillover.nextcall;
				PRODUCT_NAME = "$(TARGET_NAME)";
				SWIFT_VERSION = 5.0;
			};
			name = Release;
		};
/* End XCBuildConfiguration section */

/* Begin XCConfigurationList section */
		641FD8EA24F44BFA0086C27E /* Build configuration list for PBXProject "NextCall" */ = {
			isa = XCConfigurationList;
			buildConfigurations = (
				641FD8FD24F44BFC0086C27E /* Debug */,
				641FD8FE24F44BFC0086C27E /* Release */,
			);
			defaultConfigurationIsVisible = 0;
			defaultConfigurationName = Release;
		};
		641FD8FF24F44BFC0086C27E /* Build configuration list for PBXNativeTarget "NextCall" */ = {
			isa = XCConfigurationList;
			buildConfigurations = (
				641FD90024F44BFC0086C27E /* Debug */,
				641FD90124F44BFC0086C27E /* Release */,
			);
			defaultConfigurationIsVisible = 0;
			defaultConfigurationName = Release;
		};
/* End XCConfigurationList section */
	};
	rootObject = 641FD8E724F44BFA0086C27E /* Project object */;
}
